
Microsoft Visual Studio Solution File, Format Version 12.00
# Visual Studio Version 17
VisualStudioVersion = 17.7.34202.233
MinimumVisualStudioVersion = 10.0.40219.1
Project("{FAE04EC0-301F-11D3-BF4B-00C04F79EFBC}") = "aritmatika", "aritmatika\aritmatika.csproj", "{6645D178-6A6E-4885-99E1-34771D4054B0}"
EndProject
Project("{FAE04EC0-301F-11D3-BF4B-00C04F79EFBC}") = "aritmatika2", "aritmatika2\aritmatika2.csproj", "{2AD5E43C-1424-4D8C-97B5-1D936BCA3AD8}"
EndProject
Global
	GlobalSection(SolutionConfigurationPlatforms) = preSolution
		Debug|Any CPU = Debug|Any CPU
		Release|Any CPU = Release|Any CPU
	EndGlobalSection
	GlobalSection(ProjectConfigurationPlatforms) = postSolution
		{6645D178-6A6E-4885-99E1-34771D4054B0}.Debug|Any CPU.ActiveCfg = Debug|Any CPU
		{6645D178-6A6E-4885-99E1-34771D4054B0}.Debug|Any CPU.Build.0 = Debug|Any CPU
		{6645D178-6A6E-4885-99E1-34771D4054B0}.Release|Any CPU.ActiveCfg = Release|Any CPU
		{6645D178-6A6E-4885-99E1-34771D4054B0}.Release|Any CPU.Build.0 = Release|Any CPU
		{2AD5E43C-1424-4D8C-97B5-1D936BCA3AD8}.Debug|Any CPU.ActiveCfg = Debug|Any CPU
		{2AD5E43C-1424-4D8C-97B5-1D936BCA3AD8}.Debug|Any CPU.Build.0 = Debug|Any CPU
		{2AD5E43C-1424-4D8C-97B5-1D936BCA3AD8}.Release|Any CPU.ActiveCfg = Release|Any CPU
		{2AD5E43C-1424-4D8C-97B5-1D936BCA3AD8}.Release|Any CPU.Build.0 = Release|Any CPU
	EndGlobalSection
	GlobalSection(SolutionProperties) = preSolution
		HideSolutionNode = FALSE
	EndGlobalSection
	GlobalSection(ExtensibilityGlobals) = postSolution
		SolutionGuid = {DD4FFD2B-D63B-4EB5-B05E-82624838676F}
	EndGlobalSection
EndGlobal
